// !$*UTF8*$!
{
	archiveVersion = 1;
	classes = {
	};
	objectVersion = 77;
	objects = {

/* Begin PBXBuildFile section */
		0441421E2E543F6000A58BD8 /* OverlayController.swift in Sources */ = {isa = PBXBuildFile; fileRef = 0441421D2E543F5500A58BD8 /* OverlayController.swift */; };
/* End PBXBuildFile section */

/* Begin PBXContainerItemProxy section */
		044142012E543CC700A58BD8 /* PBXContainerItemProxy */ = {
			isa = PBXContainerItemProxy;
			containerPortal = 044141EA2E543CC500A58BD8 /* Project object */;
			proxyType = 1;
			remoteGlobalIDString = 044141F12E543CC500A58BD8;
			remoteInfo = ADHDMode;
		};
		0441420B2E543CC700A58BD8 /* PBXContainerItemProxy */ = {
			isa = PBXContainerItemProxy;
			containerPortal = 044141EA2E543CC500A58BD8 /* Project object */;
			proxyType = 1;
			remoteGlobalIDString = 044141F12E543CC500A58BD8;
			remoteInfo = ADHDMode;
		};
/* End PBXContainerItemProxy section */

/* Begin PBXFileReference section */
		044141F22E543CC500A58BD8 /* ADHDMode.app */ = {isa = PBXFileReference; explicitFileType = wrapper.application; includeInIndex = 0; path = ADHDMode.app; sourceTree = BUILT_PRODUCTS_DIR; };
		044142002E543CC700A58BD8 /* ADHDModeTests.xctest */ = {isa = PBXFileReference; explicitFileType = wrapper.cfbundle; includeInIndex = 0; path = ADHDModeTests.xctest; sourceTree = BUILT_PRODUCTS_DIR; };
		0441420A2E543CC700A58BD8 /* ADHDModeUITests.xctest */ = {isa = PBXFileReference; explicitFileType = wrapper.cfbundle; includeInIndex = 0; path = ADHDModeUITests.xctest; sourceTree = BUILT_PRODUCTS_DIR; };
		0441421D2E543F5500A58BD8 /* OverlayController.swift */ = {isa = PBXFileReference; lastKnownFileType = sourcecode.swift; path = OverlayController.swift; sourceTree = "<group>"; };
/* End PBXFileReference section */

/* Begin PBXFileSystemSynchronizedBuildFileExceptionSet section */
		0441424C2E544B4600A58BD8 /* Exceptions for "ADHDMode" folder in "ADHDModeTests" target */ = {
			isa = PBXFileSystemSynchronizedBuildFileExceptionSet;
			membershipExceptions = (
				adhdtip.m4a,
			);
			target = 044141FF2E543CC700A58BD8 /* ADHDModeTests */;
		};
		0441424D2E544B4600A58BD8 /* Exceptions for "ADHDMode" folder in "ADHDModeUITests" target */ = {
			isa = PBXFileSystemSynchronizedBuildFileExceptionSet;
			membershipExceptions = (
				adhdtip.m4a,
			);
			target = 044142092E543CC700A58BD8 /* ADHDModeUITests */;
		};
		04EFA9B82E556B0800C96341 /* Exceptions for "ADHDMode" folder in "ADHDMode" target */ = {
			isa = PBXFileSystemSynchronizedBuildFileExceptionSet;
			membershipExceptions = (
				Info.plist,
			);
			target = 044141F12E543CC500A58BD8 /* ADHDMode */;
		};
/* End PBXFileSystemSynchronizedBuildFileExceptionSet section */

/* Begin PBXFileSystemSynchronizedRootGroup section */
		044141F42E543CC500A58BD8 /* ADHDMode */ = {
			isa = PBXFileSystemSynchronizedRootGroup;
			exceptions = (
				04EFA9B82E556B0800C96341 /* Exceptions for "ADHDMode" folder in "ADHDMode" target */,
				0441424C2E544B4600A58BD8 /* Exceptions for "ADHDMode" folder in "ADHDModeTests" target */,
				0441424D2E544B4600A58BD8 /* Exceptions for "ADHDMode" folder in "ADHDModeUITests" target */,
			);
			path = ADHDMode;
			sourceTree = "<group>";
		};
		044142032E543CC700A58BD8 /* ADHDModeTests */ = {
			isa = PBXFileSystemSynchronizedRootGroup;
			path = ADHDModeTests;
			sourceTree = "<group>";
		};
		0441420D2E543CC700A58BD8 /* ADHDModeUITests */ = {
			isa = PBXFileSystemSynchronizedRootGroup;
			path = ADHDModeUITests;
			sourceTree = "<group>";
		};
		0441422A2E54467300A58BD8 /* Resource */ = {
			isa = PBXFileSystemSynchronizedRootGroup;
			path = Resource;
			sourceTree = "<group>";
		};
/* End PBXFileSystemSynchronizedRootGroup section */

/* Begin PBXFrameworksBuildPhase section */
		044141EF2E543CC500A58BD8 /* Frameworks */ = {
			isa = PBXFrameworksBuildPhase;
			buildActionMask = 2147483647;
			files = (
			);
			runOnlyForDeploymentPostprocessing = 0;
		};
		044141FD2E543CC700A58BD8 /* Frameworks */ = {
			isa = PBXFrameworksBuildPhase;
			buildActionMask = 2147483647;
			files = (
			);
			runOnlyForDeploymentPostprocessing = 0;
		};
		044142072E543CC700A58BD8 /* Frameworks */ = {
			isa = PBXFrameworksBuildPhase;
			buildActionMask = 2147483647;
			files = (
			);
			runOnlyForDeploymentPostprocessing = 0;
		};
/* End PBXFrameworksBuildPhase section */

/* Begin PBXGroup section */
		044141E92E543CC500A58BD8 = {
			isa = PBXGroup;
			children = (
				0441421D2E543F5500A58BD8 /* OverlayController.swift */,
				044141F42E543CC500A58BD8 /* ADHDMode */,
				044142032E543CC700A58BD8 /* ADHDModeTests */,
				0441420D2E543CC700A58BD8 /* ADHDModeUITests */,
				044141F32E543CC500A58BD8 /* Products */,
				0441422A2E54467300A58BD8 /* Resource */,
			);
			sourceTree = "<group>";
		};
		044141F32E543CC500A58BD8 /* Products */ = {
			isa = PBXGroup;
			children = (
				044141F22E543CC500A58BD8 /* ADHDMode.app */,
				044142002E543CC700A58BD8 /* ADHDModeTests.xctest */,
				0441420A2E543CC700A58BD8 /* ADHDModeUITests.xctest */,
			);
			name = Products;
			sourceTree = "<group>";
		};
/* End PBXGroup section */

/* Begin PBXNativeTarget section */
		044141F12E543CC500A58BD8 /* ADHDMode */ = {
			isa = PBXNativeTarget;
			buildConfigurationList = 044142142E543CC700A58BD8 /* Build configuration list for PBXNativeTarget "ADHDMode" */;
			buildPhases = (
				044141EE2E543CC500A58BD8 /* Sources */,
				044141EF2E543CC500A58BD8 /* Frameworks */,
				044141F02E543CC500A58BD8 /* Resources */,
			);
			buildRules = (
			);
			dependencies = (
			);
			fileSystemSynchronizedGroups = (
				044141F42E543CC500A58BD8 /* ADHDMode */,
				0441422A2E54467300A58BD8 /* Resource */,
			);
			name = ADHDMode;
			packageProductDependencies = (
			);
			productName = ADHDMode;
			productReference = 044141F22E543CC500A58BD8 /* ADHDMode.app */;
			productType = "com.apple.product-type.application";
		};
		044141FF2E543CC700A58BD8 /* ADHDModeTests */ = {
			isa = PBXNativeTarget;
			buildConfigurationList = 044142172E543CC700A58BD8 /* Build configuration list for PBXNativeTarget "ADHDModeTests" */;
			buildPhases = (
				044141FC2E543CC700A58BD8 /* Sources */,
				044141FD2E543CC700A58BD8 /* Frameworks */,
				044141FE2E543CC700A58BD8 /* Resources */,
			);
			buildRules = (
			);
			dependencies = (
				044142022E543CC700A58BD8 /* PBXTargetDependency */,
			);
			fileSystemSynchronizedGroups = (
				044142032E543CC700A58BD8 /* ADHDModeTests */,
			);
			name = ADHDModeTests;
			packageProductDependencies = (
			);
			productName = ADHDModeTests;
			productReference = 044142002E543CC700A58BD8 /* ADHDModeTests.xctest */;
			productType = "com.apple.product-type.bundle.unit-test";
		};
		044142092E543CC700A58BD8 /* ADHDModeUITests */ = {
			isa = PBXNativeTarget;
			buildConfigurationList = 0441421A2E543CC700A58BD8 /* Build configuration list for PBXNativeTarget "ADHDModeUITests" */;
			buildPhases = (
				044142062E543CC700A58BD8 /* Sources */,
				044142072E543CC700A58BD8 /* Frameworks */,
				044142082E543CC700A58BD8 /* Resources */,
			);
			buildRules = (
			);
			dependencies = (
				0441420C2E543CC700A58BD8 /* PBXTargetDependency */,
			);
			fileSystemSynchronizedGroups = (
				0441420D2E543CC700A58BD8 /* ADHDModeUITests */,
			);
			name = ADHDModeUITests;
			packageProductDependencies = (
			);
			productName = ADHDModeUITests;
			productReference = 0441420A2E543CC700A58BD8 /* ADHDModeUITests.xctest */;
			productType = "com.apple.product-type.bundle.ui-testing";
		};
/* End PBXNativeTarget section */

/* Begin PBXProject section */
		044141EA2E543CC500A58BD8 /* Project object */ = {
			isa = PBXProject;
			attributes = {
				BuildIndependentTargetsInParallel = 1;
				LastSwiftUpdateCheck = 1640;
				LastUpgradeCheck = 1640;
				TargetAttributes = {
					044141F12E543CC500A58BD8 = {
						CreatedOnToolsVersion = 16.4;
					};
					044141FF2E543CC700A58BD8 = {
						CreatedOnToolsVersion = 16.4;
						TestTargetID = 044141F12E543CC500A58BD8;
					};
					044142092E543CC700A58BD8 = {
						CreatedOnToolsVersion = 16.4;
						TestTargetID = 044141F12E543CC500A58BD8;
					};
				};
			};
			buildConfigurationList = 044141ED2E543CC500A58BD8 /* Build configuration list for PBXProject "ADHDMode" */;
			developmentRegion = en;
			hasScannedForEncodings = 0;
			knownRegions = (
				en,
				Base,
			);
			mainGroup = 044141E92E543CC500A58BD8;
			minimizedProjectReferenceProxies = 1;
			preferredProjectObjectVersion = 77;
			productRefGroup = 044141F32E543CC500A58BD8 /* Products */;
			projectDirPath = "";
			projectRoot = "";
			targets = (
				044141F12E543CC500A58BD8 /* ADHDMode */,
				044141FF2E543CC700A58BD8 /* ADHDModeTests */,
				044142092E543CC700A58BD8 /* ADHDModeUITests */,
			);
		};
/* End PBXProject section */

/* Begin PBXResourcesBuildPhase section */
		044141F02E543CC500A58BD8 /* Resources */ = {
			isa = PBXResourcesBuildPhase;
			buildActionMask = 2147483647;
			files = (
			);
			runOnlyForDeploymentPostprocessing = 0;
		};
		044141FE2E543CC700A58BD8 /* Resources */ = {
			isa = PBXResourcesBuildPhase;
			buildActionMask = 2147483647;
			files = (
			);
			runOnlyForDeploymentPostprocessing = 0;
		};
		044142082E543CC700A58BD8 /* Resources */ = {
			isa = PBXResourcesBuildPhase;
			buildActionMask = 2147483647;
			files = (
			);
			runOnlyForDeploymentPostprocessing = 0;
		};
/* End PBXResourcesBuildPhase section */

/* Begin PBXSourcesBuildPhase section */
		044141EE2E543CC500A58BD8 /* Sources */ = {
			isa = PBXSourcesBuildPhase;
			buildActionMask = 2147483647;
			files = (
				0441421E2E543F6000A58BD8 /* OverlayController.swift in Sources */,
			);
			runOnlyForDeploymentPostprocessing = 0;
		};
		044141FC2E543CC700A58BD8 /* Sources */ = {
			isa = PBXSourcesBuildPhase;
			buildActionMask = 2147483647;
			files = (
			);
			runOnlyForDeploymentPostprocessing = 0;
		};
		044142062E543CC700A58BD8 /* Sources */ = {
			isa = PBXSourcesBuildPhase;
			buildActionMask = 2147483647;
			files = (
			);
			runOnlyForDeploymentPostprocessing = 0;
		};
/* End PBXSourcesBuildPhase section */

/* Begin PBXTargetDependency section */
		044142022E543CC700A58BD8 /* PBXTargetDependency */ = {
			isa = PBXTargetDependency;
			target = 044141F12E543CC500A58BD8 /* ADHDMode */;
			targetProxy = 044142012E543CC700A58BD8 /* PBXContainerItemProxy */;
		};
		0441420C2E543CC700A58BD8 /* PBXTargetDependency */ = {
			isa = PBXTargetDependency;
			target = 044141F12E543CC500A58BD8 /* ADHDMode */;
			targetProxy = 0441420B2E543CC700A58BD8 /* PBXContainerItemProxy */;
		};
/* End PBXTargetDependency section */

/* Begin XCBuildConfiguration section */
		044142122E543CC700A58BD8 /* Debug */ = {
			isa = XCBuildConfiguration;
			buildSettings = {
				ALWAYS_SEARCH_USER_PATHS = NO;
				ASSETCATALOG_COMPILER_GENERATE_SWIFT_ASSET_SYMBOL_EXTENSIONS = YES;
				CLANG_ANALYZER_NONNULL = YES;
				CLANG_ANALYZER_NUMBER_OBJECT_CONVERSION = YES_AGGRESSIVE;
				CLANG_CXX_LANGUAGE_STANDARD = "gnu++20";
				CLANG_ENABLE_MODULES = YES;
				CLANG_ENABLE_OBJC_ARC = YES;
				CLANG_ENABLE_OBJC_WEAK = YES;
				CLANG_WARN_BLOCK_CAPTURE_AUTORELEASING = YES;
				CLANG_WARN_BOOL_CONVERSION = YES;
				CLANG_WARN_COMMA = YES;
				CLANG_WARN_CONSTANT_CONVERSION = YES;
				CLANG_WARN_DEPRECATED_OBJC_IMPLEMENTATIONS = YES;
				CLANG_WARN_DIRECT_OBJC_ISA_USAGE = YES_ERROR;
				CLANG_WARN_DOCUMENTATION_COMMENTS = YES;
				CLANG_WARN_EMPTY_BODY = YES;
				CLANG_WARN_ENUM_CONVERSION = YES;
				CLANG_WARN_INFINITE_RECURSION = YES;
				CLANG_WARN_INT_CONVERSION = YES;
				CLANG_WARN_NON_LITERAL_NULL_CONVERSION = YES;
				CLANG_WARN_OBJC_IMPLICIT_RETAIN_SELF = YES;
				CLANG_WARN_OBJC_LITERAL_CONVERSION = YES;
				CLANG_WARN_OBJC_ROOT_CLASS = YES_ERROR;
				CLANG_WARN_QUOTED_INCLUDE_IN_FRAMEWORK_HEADER = YES;
				CLANG_WARN_RANGE_LOOP_ANALYSIS = YES;
				CLANG_WARN_STRICT_PROTOTYPES = YES;
				CLANG_WARN_SUSPICIOUS_MOVE = YES;
				CLANG_WARN_UNGUARDED_AVAILABILITY = YES_AGGRESSIVE;
				CLANG_WARN_UNREACHABLE_CODE = YES;
				CLANG_WARN__DUPLICATE_METHOD_MATCH = YES;
				COPY_PHASE_STRIP = NO;
				DEBUG_INFORMATION_FORMAT = dwarf;
				ENABLE_STRICT_OBJC_MSGSEND = YES;
				ENABLE_TESTABILITY = YES;
				ENABLE_USER_SCRIPT_SANDBOXING = YES;
				GCC_C_LANGUAGE_STANDARD = gnu17;
				GCC_DYNAMIC_NO_PIC = NO;
				GCC_NO_COMMON_BLOCKS = YES;
				GCC_OPTIMIZATION_LEVEL = 0;
				GCC_PREPROCESSOR_DEFINITIONS = (
					"DEBUG=1",
					"$(inherited)",
				);
				GCC_WARN_64_TO_32_BIT_CONVERSION = YES;
				GCC_WARN_ABOUT_RETURN_TYPE = YES_ERROR;
				GCC_WARN_UNDECLARED_SELECTOR = YES;
				GCC_WARN_UNINITIALIZED_AUTOS = YES_AGGRESSIVE;
				GCC_WARN_UNUSED_FUNCTION = YES;
				GCC_WARN_UNUSED_VARIABLE = YES;
				LOCALIZATION_PREFERS_STRING_CATALOGS = YES;
				MACOSX_DEPLOYMENT_TARGET = 15.5;
				MTL_ENABLE_DEBUG_INFO = INCLUDE_SOURCE;
				MTL_FAST_MATH = YES;
				ONLY_ACTIVE_ARCH = YES;
				SDKROOT = macosx;
				SWIFT_ACTIVE_COMPILATION_CONDITIONS = "DEBUG $(inherited)";
				SWIFT_OPTIMIZATION_LEVEL = "-Onone";
			};
			name = Debug;
		};
		044142132E543CC700A58BD8 /* Release */ = {
			isa = XCBuildConfiguration;
			buildSettings = {
				ALWAYS_SEARCH_USER_PATHS = NO;
				ASSETCATALOG_COMPILER_GENERATE_SWIFT_ASSET_SYMBOL_EXTENSIONS = YES;
				CLANG_ANALYZER_NONNULL = YES;
				CLANG_ANALYZER_NUMBER_OBJECT_CONVERSION = YES_AGGRESSIVE;
				CLANG_CXX_LANGUAGE_STANDARD = "gnu++20";
				CLANG_ENABLE_MODULES = YES;
				CLANG_ENABLE_OBJC_ARC = YES;
				CLANG_ENABLE_OBJC_WEAK = YES;
				CLANG_WARN_BLOCK_CAPTURE_AUTORELEASING = YES;
				CLANG_WARN_BOOL_CONVERSION = YES;
				CLANG_WARN_COMMA = YES;
				CLANG_WARN_CONSTANT_CONVERSION = YES;
				CLANG_WARN_DEPRECATED_OBJC_IMPLEMENTATIONS = YES;
				CLANG_WARN_DIRECT_OBJC_ISA_USAGE = YES_ERROR;
				CLANG_WARN_DOCUMENTATION_COMMENTS = YES;
				CLANG_WARN_EMPTY_BODY = YES;
				CLANG_WARN_ENUM_CONVERSION = YES;
				CLANG_WARN_INFINITE_RECURSION = YES;
				CLANG_WARN_INT_CONVERSION = YES;
				CLANG_WARN_NON_LITERAL_NULL_CONVERSION = YES;
				CLANG_WARN_OBJC_IMPLICIT_RETAIN_SELF = YES;
				CLANG_WARN_OBJC_LITERAL_CONVERSION = YES;
				CLANG_WARN_OBJC_ROOT_CLASS = YES_ERROR;
				CLANG_WARN_QUOTED_INCLUDE_IN_FRAMEWORK_HEADER = YES;
				CLANG_WARN_RANGE_LOOP_ANALYSIS = YES;
				CLANG_WARN_STRICT_PROTOTYPES = YES;
				CLANG_WARN_SUSPICIOUS_MOVE = YES;
				CLANG_WARN_UNGUARDED_AVAILABILITY = YES_AGGRESSIVE;
				CLANG_WARN_UNREACHABLE_CODE = YES;
				CLANG_WARN__DUPLICATE_METHOD_MATCH = YES;
				COPY_PHASE_STRIP = NO;
				DEBUG_INFORMATION_FORMAT = "dwarf-with-dsym";
				ENABLE_NS_ASSERTIONS = NO;
				ENABLE_STRICT_OBJC_MSGSEND = YES;
				ENABLE_USER_SCRIPT_SANDBOXING = YES;
				GCC_C_LANGUAGE_STANDARD = gnu17;
				GCC_NO_COMMON_BLOCKS = YES;
				GCC_WARN_64_TO_32_BIT_CONVERSION = YES;
				GCC_WARN_ABOUT_RETURN_TYPE = YES_ERROR;
				GCC_WARN_UNDECLARED_SELECTOR = YES;
				GCC_WARN_UNINITIALIZED_AUTOS = YES_AGGRESSIVE;
				GCC_WARN_UNUSED_FUNCTION = YES;
				GCC_WARN_UNUSED_VARIABLE = YES;
				LOCALIZATION_PREFERS_STRING_CATALOGS = YES;
				MACOSX_DEPLOYMENT_TARGET = 15.5;
				MTL_ENABLE_DEBUG_INFO = NO;
				MTL_FAST_MATH = YES;
				SDKROOT = macosx;
				SWIFT_COMPILATION_MODE = wholemodule;
			};
			name = Release;
		};
		044142152E543CC700A58BD8 /* Debug */ = {
			isa = XCBuildConfiguration;
			buildSettings = {
				ASSETCATALOG_COMPILER_APPICON_NAME = AppIcon;
				ASSETCATALOG_COMPILER_GLOBAL_ACCENT_COLOR_NAME = AccentColor;
				CODE_SIGN_ENTITLEMENTS = ADHDMode/ADHDMode.entitlements;
				CODE_SIGN_STYLE = Automatic;
				COMBINE_HIDPI_IMAGES = YES;
				CURRENT_PROJECT_VERSION = 1;
				ENABLE_PREVIEWS = YES;
				GENERATE_INFOPLIST_FILE = YES;
				INFOPLIST_FILE = ADHDMode/Info.plist;
				INFOPLIST_KEY_LSUIElement = YES;
				INFOPLIST_KEY_NSHumanReadableCopyright = "";
				LD_RUNPATH_SEARCH_PATHS = (
					"$(inherited)",
					"@executable_path/../Frameworks",
				);
				MARKETING_VERSION = 1.0;
				PRODUCT_BUNDLE_IDENTIFIER = me.jack.ADHDMode;
				PRODUCT_NAME = "$(TARGET_NAME)";
				REGISTER_APP_GROUPS = YES;
				SWIFT_EMIT_LOC_STRINGS = YES;
				SWIFT_VERSION = 5.0;
			};
			name = Debug;
		};
		044142162E543CC700A58BD8 /* Release */ = {
			isa = XCBuildConfiguration;
			buildSettings = {
				ASSETCATALOG_COMPILER_APPICON_NAME = AppIcon;
				ASSETCATALOG_COMPILER_GLOBAL_ACCENT_COLOR_NAME = AccentColor;
				CODE_SIGN_ENTITLEMENTS = ADHDMode/ADHDMode.entitlements;
				CODE_SIGN_STYLE = Automatic;
				COMBINE_HIDPI_IMAGES = YES;
				CURRENT_PROJECT_VERSION = 1;
				ENABLE_PREVIEWS = YES;
				GENERATE_INFOPLIST_FILE = YES;
				INFOPLIST_FILE = ADHDMode/Info.plist;
				INFOPLIST_KEY_LSUIElement = YES;
				INFOPLIST_KEY_NSHumanReadableCopyright = "";
				LD_RUNPATH_SEARCH_PATHS = (
					"$(inherited)",
					"@executable_path/../Frameworks",
				);
				MARKETING_VERSION = 1.0;
				PRODUCT_BUNDLE_IDENTIFIER = me.jack.ADHDMode;
				PRODUCT_NAME = "$(TARGET_NAME)";
				REGISTER_APP_GROUPS = YES;
				SWIFT_EMIT_LOC_STRINGS = YES;
				SWIFT_VERSION = 5.0;
			};
			name = Release;
		};
		044142182E543CC700A58BD8 /* Debug */ = {
			isa = XCBuildConfiguration;
			buildSettings = {
				BUNDLE_LOADER = "$(TEST_HOST)";
				CODE_SIGN_STYLE = Automatic;
				CURRENT_PROJECT_VERSION = 1;
				GENERATE_INFOPLIST_FILE = YES;
				MACOSX_DEPLOYMENT_TARGET = 15.5;
				MARKETING_VERSION = 1.0;
				PRODUCT_BUNDLE_IDENTIFIER = me.jack.ADHDModeTests;
				PRODUCT_NAME = "$(TARGET_NAME)";
				SWIFT_EMIT_LOC_STRINGS = NO;
				SWIFT_VERSION = 5.0;
				TEST_HOST = "$(BUILT_PRODUCTS_DIR)/ADHDMode.app/$(BUNDLE_EXECUTABLE_FOLDER_PATH)/ADHDMode";
			};
			name = Debug;
		};
		044142192E543CC700A58BD8 /* Release */ = {
			isa = XCBuildConfiguration;
			buildSettings = {
				BUNDLE_LOADER = "$(TEST_HOST)";
				CODE_SIGN_STYLE = Automatic;
				CURRENT_PROJECT_VERSION = 1;
				GENERATE_INFOPLIST_FILE = YES;
				MACOSX_DEPLOYMENT_TARGET = 15.5;
				MARKETING_VERSION = 1.0;
				PRODUCT_BUNDLE_IDENTIFIER = me.jack.ADHDModeTests;
				PRODUCT_NAME = "$(TARGET_NAME)";
				SWIFT_EMIT_LOC_STRINGS = NO;
				SWIFT_VERSION = 5.0;
				TEST_HOST = "$(BUILT_PRODUCTS_DIR)/ADHDMode.app/$(BUNDLE_EXECUTABLE_FOLDER_PATH)/ADHDMode";
			};
			name = Release;
		};
		0441421B2E543CC700A58BD8 /* Debug */ = {
			isa = XCBuildConfiguration;
			buildSettings = {
				CODE_SIGN_STYLE = Automatic;
				CURRENT_PROJECT_VERSION = 1;
				GENERATE_INFOPLIST_FILE = YES;
				MARKETING_VERSION = 1.0;
				PRODUCT_BUNDLE_IDENTIFIER = me.jack.ADHDModeUITests;
				PRODUCT_NAME = "$(TARGET_NAME)";
				SWIFT_EMIT_LOC_STRINGS = NO;
				SWIFT_VERSION = 5.0;
				TEST_TARGET_NAME = ADHDMode;
			};
			name = Debug;
		};
		0441421C2E543CC700A58BD8 /* Release */ = {
			isa = XCBuildConfiguration;
			buildSettings = {
				CODE_SIGN_STYLE = Automatic;
				CURRENT_PROJECT_VERSION = 1;
				GENERATE_INFOPLIST_FILE = YES;
				MARKETING_VERSION = 1.0;
				PRODUCT_BUNDLE_IDENTIFIER = me.jack.ADHDModeUITests;
				PRODUCT_NAME = "$(TARGET_NAME)";
				SWIFT_EMIT_LOC_STRINGS = NO;
				SWIFT_VERSION = 5.0;
				TEST_TARGET_NAME = ADHDMode;
			};
			name = Release;
		};
/* End XCBuildConfiguration section */

/* Begin XCConfigurationList section */
		044141ED2E543CC500A58BD8 /* Build configuration list for PBXProject "ADHDMode" */ = {
			isa = XCConfigurationList;
			buildConfigurations = (
				044142122E543CC700A58BD8 /* Debug */,
				044142132E543CC700A58BD8 /* Release */,
			);
			defaultConfigurationIsVisible = 0;
			defaultConfigurationName = Release;
		};
		044142142E543CC700A58BD8 /* Build configuration list for PBXNativeTarget "ADHDMode" */ = {
			isa = XCConfigurationList;
			buildConfigurations = (
				044142152E543CC700A58BD8 /* Debug */,
				044142162E543CC700A58BD8 /* Release */,
			);
			defaultConfigurationIsVisible = 0;
			defaultConfigurationName = Release;
		};
		044142172E543CC700A58BD8 /* Build configuration list for PBXNativeTarget "ADHDModeTests" */ = {
			isa = XCConfigurationList;
			buildConfigurations = (
				044142182E543CC700A58BD8 /* Debug */,
				044142192E543CC700A58BD8 /* Release */,
			);
			defaultConfigurationIsVisible = 0;
			defaultConfigurationName = Release;
		};
		0441421A2E543CC700A58BD8 /* Build configuration list for PBXNativeTarget "ADHDModeUITests" */ = {
			isa = XCConfigurationList;
			buildConfigurations = (
				0441421B2E543CC700A58BD8 /* Debug */,
				0441421C2E543CC700A58BD8 /* Release */,
			);
			defaultConfigurationIsVisible = 0;
			defaultConfigurationName = Release;
		};
/* End XCConfigurationList section */
	};
	rootObject = 044141EA2E543CC500A58BD8 /* Project object */;
}
